{
    "_meta": {
        "hash": {
            "sha256": "b437f83b157cb0a87a4f3c11fae9ccc42a1dfbf0089a0b4c2839ec56aba63623"
        },
        "pipfile-spec": 6,
        "requires": {
            "python_version": "3.13"
        },
        "sources": [
            {
                "name": "pypi",
                "url": "https://pypi.org/simple",
                "verify_ssl": true
            }
        ]
    },
    "default": {
        "anyio": {
            "hashes": [
                "sha256:673c0c244e15788651a4ff38710fea9675823028a6f08a5eda409e0c9840a028",
                "sha256:9f76d541cad6e36af7beb62e978876f3b41e3e04f2c1fbf0884604c0a9c4d93c"
            ],
            "markers": "python_version >= '3.9'",
            "version": "==4.9.0"
        },
        "beautifulsoup4": {
            "hashes": [
                "sha256:9bbbb14bfde9d79f38b8cd5f8c7c85f4b8f2523190ebed90e950a8dea4cb1c4b",
                "sha256:dbb3c4e1ceae6aefebdaf2423247260cd062430a410e38c66f2baa50a8437195"
            ],
            "index": "pypi",
            "markers": "python_full_version >= '3.7.0'",
            "version": "==4.13.4"
        },
        "certifi": {
            "hashes": [
                "sha256:3d5da6925056f6f18f119200434a4780a94263f10d1c21d032a6f6b2baa20651",
                "sha256:ca78db4565a652026a4db2bcdf68f2fb589ea80d0be70e03929ed730746b84fe"
            ],
            "markers": "python_version >= '3.6'",
            "version": "==2025.1.31"
        },
        "h11": {
            "hashes": [
                "sha256:8f19fbbe99e72420ff35c00b27a34cb9937e902a8b810e2c88300c6f0a3b699d",
                "sha256:e3fe4ac4b851c468cc8363d500db52c2ead036020723024a109d37346efaa761"
            ],
            "markers": "python_version >= '3.7'",
            "version": "==0.14.0"
        },
        "httpcore": {
            "hashes": [
                "sha256:5254cf149bcb5f75e9d1b2b9f729ea4a4b883d1ad7379fc632b727cec23674be",
                "sha256:86e94505ed24ea06514883fd44d2bc02d90e77e7979c8eb71b90f41d364a1bad"
            ],
            "markers": "python_version >= '3.8'",
            "version": "==1.0.8"
        },
        "httpx": {
            "hashes": [
                "sha256:75e98c5f16b0f35b567856f597f06ff2270a374470a5c2392242528e3e3e42fc",
                "sha256:d909fcccc110f8c7faf814ca82a9a4d816bc5a6dbfea25d6591d6985b8ba59ad"
            ],
            "index": "pypi",
            "markers": "python_version >= '3.8'",
            "version": "==0.28.1"
        },
        "idna": {
            "hashes": [
                "sha256:12f65c9b470abda6dc35cf8e63cc574b1c52b11df2c86030af0ac09b01b13ea9",
                "sha256:946d195a0d259cbba61165e88e65941f16e9b36ea6ddb97f00452bae8b1287d3"
            ],
            "markers": "python_version >= '3.6'",
            "version": "==3.10"
        },
        "mysql-connector-python": {
            "hashes": [
                "sha256:0aedee809e1f8dbab6b2732f51ee1619b54a56d15b9070655bc31fb822c1a015",
                "sha256:1916256ecd039f4673715550d28138416bac5962335e06d36f7434c47feb5232",
                "sha256:2589af070babdff9c920ee37f929218d80afa704f4e2a99f1ddcb13d19de4450",
                "sha256:2a5de57814217077a8672063167b616b1034a37b614b93abcb602cc0b8c6fade",
                "sha256:3853799f4b719357ea25eba05f5f278a158a85a5c8209b3d058947a948bc9262",
                "sha256:4364d3a37c449f1c0bb9e52fd4eddc620126b9897b6b9f2fd1b3f33dacc16356",
                "sha256:495798dd34445d749991fb3a2aa87b4205100676939556d8d4aab5d5558e7a1f",
                "sha256:5508ff6b79d8d46b15791401784a1b5abd10c8e05aec2684c4a50e92c5893cd2",
                "sha256:55d4a8ace6f97d58d9318d1250d903b0d3b100a6b798442a99c4ac966b974d12",
                "sha256:66d48ec0ee903a84bcaf5d4d1901ed536fdd90ce6ecae0686f094b4530faf545",
                "sha256:8ab7719d614cf5463521082fab86afc21ada504b538166090e00eeaa1ff729bc",
                "sha256:8c79b500f1f9f12761426199d0498309ee5d20c94ed94fc8ae356679667f8181",
                "sha256:9516a4cdbaee3c9200f0e7d9aafb31057692f45c202cdcb43a3f9b37c94e7c84",
                "sha256:9c898c5f3e34314ed825f2ffdd52d674e03d59c45d02ac8083a8ec5173c1e0f8",
                "sha256:9cc8d3c2f45d16b064b0063db857f8a7187b8659253dd32e3f19df1bf1d55ea0",
                "sha256:ac70a7128f7e690dc0f4376be8366c7e5c8fa47a785232b8abba948576f016ff",
                "sha256:be0ef15f6023ae2037347498f005a4471f694f8a6b8384c3194895e153120286",
                "sha256:cb72fcda90b616f0b2d3dae257441e06e8896b2780c3dddc6a65275ec1408d9a",
                "sha256:d33e2f88e1d4b15844cfed2bb6e90612525ba2c1af2fb10b4a25b2c89a1fe49a",
                "sha256:d47a0d5b2b9b02f06647d5d7bbb19e237f234d6be91d0e0c935629faacf0797f",
                "sha256:d87c9e8b5aa9a16cefebe017ee45ddfbad53e668f94d01fe2e055bb8daab9353",
                "sha256:e24be22a5d96f3535afa5dd331166b02bf72655ea6ed6a2a0eb548c313548788",
                "sha256:e8b0131006608e533b8eab20078f9e65486068c984ed3efd28413d350d241f44",
                "sha256:ee1a901c287471013570e29cdf5ca7159898af31cf3a582180eadd41c96b42c9",
                "sha256:f10fe89397e8da81026d8143e17fc5c12ae5e66e51753a0f49e1db179c4f7113",
                "sha256:f979e712187796ad57cd0bef76666dd48ed4887104775833c9489ea837144ad8"
            ],
            "index": "pypi",
            "markers": "python_version >= '3.9'",
            "version": "==9.3.0"
        },
        "python-dotenv": {
            "hashes": [
                "sha256:41f90bc6f5f177fb41f53e87666db362025010eb28f60a01c9143bfa33a2b2d5",
                "sha256:d7c01d9e2293916c18baf562d95698754b0dbbb5e74d457c45d4f6561fb9d55d"
            ],
            "index": "pypi",
            "markers": "python_version >= '3.9'",
            "version": "==1.1.0"
        },
        "sniffio": {
            "hashes": [
                "sha256:2f6da418d1f1e0fddd844478f41680e794e6051915791a034ff65e5f100525a2",
                "sha256:f4324edc670a0f49750a81b895f35c3adb843cca46f0530f79fc1babb23789dc"
            ],
            "markers": "python_version >= '3.7'",
            "version": "==1.3.1"
        },
        "soupsieve": {
            "hashes": [
                "sha256:6e60cc5c1ffaf1cebcc12e8188320b72071e922c2e897f737cadce79ad5d30c4",
                "sha256:ad282f9b6926286d2ead4750552c8a6142bc4c783fd66b0293547c8fe6ae126a"
            ],
            "markers": "python_version >= '3.8'",
            "version": "==2.7"
        },
        "typing-extensions": {
            "hashes": [
                "sha256:a439e7c04b49fec3e5d3e2beaa21755cadbbdc391694e28ccdd36ca4a1408f8c",
                "sha256:e6c81219bd689f51865d9e372991c540bda33a0379d5573cddb9a3a23f7caaef"
            ],
            "markers": "python_version >= '3.8'",
            "version": "==4.13.2"
        }
    },
    "develop": {}
}
